
Microsoft Visual Studio Solution File, Format Version 12.00
Project("{FAE04EC0-301F-11D3-BF4B-00C04F79EFBC}") = "ConsoleApplication1", "ConsoleApplication1\ConsoleApplication1.csproj", "{EB9142C7-474F-4200-BA9C-EDE7DBF81045}"
EndProject
Global
	GlobalSection(SolutionConfigurationPlatforms) = preSolution
		Debug|Any CPU = Debug|Any CPU
		Release|Any CPU = Release|Any CPU
	EndGlobalSection
	GlobalSection(ProjectConfigurationPlatforms) = postSolution
		{EB9142C7-474F-4200-BA9C-EDE7DBF81045}.Debug|Any CPU.ActiveCfg = Debug|Any CPU
		{EB9142C7-474F-4200-BA9C-EDE7DBF81045}.Debug|Any CPU.Build.0 = Debug|Any CPU
		{EB9142C7-474F-4200-BA9C-EDE7DBF81045}.Release|Any CPU.ActiveCfg = Release|Any CPU
		{EB9142C7-474F-4200-BA9C-EDE7DBF81045}.Release|Any CPU.Build.0 = Release|Any CPU
	EndGlobalSection
EndGlobal
